
Microsoft Visual Studio Solution File, Format Version 12.00
Project("{FAE04EC0-301F-11D3-BF4B-00C04F79EFBC}") = "Ecommerce.Tests", "Ecommerce.Tests\Ecommerce.Tests.csproj", "{47FF6D84-A177-476A-8D23-0A1C42255FB0}"
EndProject
Project("{2150E333-8FDC-42A3-9474-1A3956D46DE8}") = "_DOCS", "_DOCS", "{136AA2C5-B0B0-4CD0-A1F1-139ED5A55B83}"
	ProjectSection(SolutionItems) = preProject
		README.md = README.md
	EndProjectSection
EndProject
Project("{FAE04EC0-301F-11D3-BF4B-00C04F79EFBC}") = "ProductWebAPI", "ProductWebAPI\ProductWebAPI.csproj", "{E2A494FF-C7F1-4C86-9AB4-B74CBD0B47A0}"
EndProject
Project("{FAE04EC0-301F-11D3-BF4B-00C04F79EFBC}") = "Ecommerce.Business", "Ecommerce.Business\Ecommerce.Business.csproj", "{08CCB849-1A00-487A-8D30-6256045CD618}"
EndProject
Project("{FAE04EC0-301F-11D3-BF4B-00C04F79EFBC}") = "Ecommerce.Capabilities", "Ecommerce.Capabilities\Ecommerce.Capabilities.csproj", "{0932BF34-E349-4E8E-9567-D01F985530AA}"
EndProject
Project("{FAE04EC0-301F-11D3-BF4B-00C04F79EFBC}") = "Ecommerce.Domain", "Ecommerce.Domain\Ecommerce.Domain.csproj", "{4BB104C1-F452-4837-8E58-582011D665CC}"
EndProject
Project("{FAE04EC0-301F-11D3-BF4B-00C04F79EFBC}") = "Ecommerce.Persistence", "Ecommerce.Persistence\Ecommerce.Persistence.csproj", "{48EFE8C6-C93F-431D-8FB2-D91196EAA98C}"
EndProject
Project("{FAE04EC0-301F-11D3-BF4B-00C04F79EFBC}") = "Ecommerce.Tests.Integration", "Ecommerce.Tests.Integration\Ecommerce.Tests.Integration.csproj", "{A9280000-6F7F-40B4-BE02-1D74A7B61FE0}"
EndProject
Project("{FAE04EC0-301F-11D3-BF4B-00C04F79EFBC}") = "Ecommerce.Messaging.Kafka", "Ecommerce.Messaging.Kafka\Ecommerce.Messaging.Kafka.csproj", "{8A1FAF38-C394-49B6-9736-319C7F757FEB}"
EndProject
Project("{2150E333-8FDC-42A3-9474-1A3956D46DE8}") = "Apps", "Apps", "{3FEE3891-2E7B-4301-8BE1-1124A04B8B50}"
EndProject
Project("{2150E333-8FDC-42A3-9474-1A3956D46DE8}") = "Core", "Core", "{38235911-7A4F-4117-8A08-D3FC7F6CE03F}"
EndProject
Project("{2150E333-8FDC-42A3-9474-1A3956D46DE8}") = "Business", "Business", "{DDF484C0-662B-4892-9074-F888A698C55B}"
EndProject
Project("{2150E333-8FDC-42A3-9474-1A3956D46DE8}") = "Drivers", "Drivers", "{3C5494E5-2E22-4B51-80B9-6384FD5F90F2}"
EndProject
Project("{2150E333-8FDC-42A3-9474-1A3956D46DE8}") = "Tests", "Tests", "{4C411EF5-3212-439C-A03F-E08DF1EA7DFA}"
EndProject
Project("{FAE04EC0-301F-11D3-BF4B-00C04F79EFBC}") = "ConsumerProductChangelog", "ConsumerProductChangelog\ConsumerProductChangelog.csproj", "{E05E967C-B848-4DC9-B941-41C6DD23D742}"
EndProject
Project("{FAE04EC0-301F-11D3-BF4B-00C04F79EFBC}") = "Ecommerce.Supporting", "Ecommerce.Supporting\Ecommerce.Supporting.csproj", "{2B4ACE72-DEF3-4D0E-9A9E-06DD07422471}"
EndProject
Project("{FAE04EC0-301F-11D3-BF4B-00C04F79EFBC}") = "Ecommerce.Persistence.Querying", "Ecommerce.Persistence.Querying\Ecommerce.Persistence.Querying.csproj", "{0D37BA55-7D7F-41B3-B012-360333B45621}"
EndProject
Project("{2150E333-8FDC-42A3-9474-1A3956D46DE8}") = "MSProduct", "MSProduct", "{0014D859-2EBA-42BA-8E80-9B891F4E0058}"
EndProject
Project("{2150E333-8FDC-42A3-9474-1A3956D46DE8}") = "MSOrders", "MSOrders", "{7ADE57B6-7F62-4041-AA24-0499C7013508}"
EndProject
Project("{2150E333-8FDC-42A3-9474-1A3956D46DE8}") = "Deploy", "Deploy", "{C35EB92E-151D-4800-A6DD-5A757096436E}"
	ProjectSection(SolutionItems) = preProject
		deploy\docker-compose.kafka-kraft.yml = deploy\docker-compose.kafka-kraft.yml
		deploy\docker-compose.kafka.yml = deploy\docker-compose.kafka.yml
		deploy\docker-compose.postgres.yml = deploy\docker-compose.postgres.yml
		deploy\postgres_ecommerce.sql = deploy\postgres_ecommerce.sql
		deploy\postgres_ecommerce_querying.sql = deploy\postgres_ecommerce_querying.sql
		deploy\servers.json = deploy\servers.json
		deploy\SETUP.md = deploy\SETUP.md
		deploy\update_run.sh = deploy\update_run.sh
		deploy\docker-compose.postgres -pgbench.yml = deploy\docker-compose.postgres -pgbench.yml
	EndProjectSection
EndProject
Global
	GlobalSection(SolutionConfigurationPlatforms) = preSolution
		Debug|Any CPU = Debug|Any CPU
		Release|Any CPU = Release|Any CPU
	EndGlobalSection
	GlobalSection(ProjectConfigurationPlatforms) = postSolution
		{47FF6D84-A177-476A-8D23-0A1C42255FB0}.Debug|Any CPU.ActiveCfg = Debug|Any CPU
		{47FF6D84-A177-476A-8D23-0A1C42255FB0}.Debug|Any CPU.Build.0 = Debug|Any CPU
		{47FF6D84-A177-476A-8D23-0A1C42255FB0}.Release|Any CPU.ActiveCfg = Release|Any CPU
		{47FF6D84-A177-476A-8D23-0A1C42255FB0}.Release|Any CPU.Build.0 = Release|Any CPU
		{E2A494FF-C7F1-4C86-9AB4-B74CBD0B47A0}.Debug|Any CPU.ActiveCfg = Debug|Any CPU
		{E2A494FF-C7F1-4C86-9AB4-B74CBD0B47A0}.Debug|Any CPU.Build.0 = Debug|Any CPU
		{E2A494FF-C7F1-4C86-9AB4-B74CBD0B47A0}.Release|Any CPU.ActiveCfg = Release|Any CPU
		{E2A494FF-C7F1-4C86-9AB4-B74CBD0B47A0}.Release|Any CPU.Build.0 = Release|Any CPU
		{08CCB849-1A00-487A-8D30-6256045CD618}.Debug|Any CPU.ActiveCfg = Debug|Any CPU
		{08CCB849-1A00-487A-8D30-6256045CD618}.Debug|Any CPU.Build.0 = Debug|Any CPU
		{08CCB849-1A00-487A-8D30-6256045CD618}.Release|Any CPU.ActiveCfg = Release|Any CPU
		{08CCB849-1A00-487A-8D30-6256045CD618}.Release|Any CPU.Build.0 = Release|Any CPU
		{0932BF34-E349-4E8E-9567-D01F985530AA}.Debug|Any CPU.ActiveCfg = Debug|Any CPU
		{0932BF34-E349-4E8E-9567-D01F985530AA}.Debug|Any CPU.Build.0 = Debug|Any CPU
		{0932BF34-E349-4E8E-9567-D01F985530AA}.Release|Any CPU.ActiveCfg = Release|Any CPU
		{0932BF34-E349-4E8E-9567-D01F985530AA}.Release|Any CPU.Build.0 = Release|Any CPU
		{4BB104C1-F452-4837-8E58-582011D665CC}.Debug|Any CPU.ActiveCfg = Debug|Any CPU
		{4BB104C1-F452-4837-8E58-582011D665CC}.Debug|Any CPU.Build.0 = Debug|Any CPU
		{4BB104C1-F452-4837-8E58-582011D665CC}.Release|Any CPU.ActiveCfg = Release|Any CPU
		{4BB104C1-F452-4837-8E58-582011D665CC}.Release|Any CPU.Build.0 = Release|Any CPU
		{48EFE8C6-C93F-431D-8FB2-D91196EAA98C}.Debug|Any CPU.ActiveCfg = Debug|Any CPU
		{48EFE8C6-C93F-431D-8FB2-D91196EAA98C}.Debug|Any CPU.Build.0 = Debug|Any CPU
		{48EFE8C6-C93F-431D-8FB2-D91196EAA98C}.Release|Any CPU.ActiveCfg = Release|Any CPU
		{48EFE8C6-C93F-431D-8FB2-D91196EAA98C}.Release|Any CPU.Build.0 = Release|Any CPU
		{A9280000-6F7F-40B4-BE02-1D74A7B61FE0}.Debug|Any CPU.ActiveCfg = Debug|Any CPU
		{A9280000-6F7F-40B4-BE02-1D74A7B61FE0}.Debug|Any CPU.Build.0 = Debug|Any CPU
		{A9280000-6F7F-40B4-BE02-1D74A7B61FE0}.Release|Any CPU.ActiveCfg = Release|Any CPU
		{A9280000-6F7F-40B4-BE02-1D74A7B61FE0}.Release|Any CPU.Build.0 = Release|Any CPU
		{8A1FAF38-C394-49B6-9736-319C7F757FEB}.Debug|Any CPU.ActiveCfg = Debug|Any CPU
		{8A1FAF38-C394-49B6-9736-319C7F757FEB}.Debug|Any CPU.Build.0 = Debug|Any CPU
		{8A1FAF38-C394-49B6-9736-319C7F757FEB}.Release|Any CPU.ActiveCfg = Release|Any CPU
		{8A1FAF38-C394-49B6-9736-319C7F757FEB}.Release|Any CPU.Build.0 = Release|Any CPU
		{E05E967C-B848-4DC9-B941-41C6DD23D742}.Debug|Any CPU.ActiveCfg = Debug|Any CPU
		{E05E967C-B848-4DC9-B941-41C6DD23D742}.Debug|Any CPU.Build.0 = Debug|Any CPU
		{E05E967C-B848-4DC9-B941-41C6DD23D742}.Release|Any CPU.ActiveCfg = Release|Any CPU
		{E05E967C-B848-4DC9-B941-41C6DD23D742}.Release|Any CPU.Build.0 = Release|Any CPU
		{2B4ACE72-DEF3-4D0E-9A9E-06DD07422471}.Debug|Any CPU.ActiveCfg = Debug|Any CPU
		{2B4ACE72-DEF3-4D0E-9A9E-06DD07422471}.Debug|Any CPU.Build.0 = Debug|Any CPU
		{2B4ACE72-DEF3-4D0E-9A9E-06DD07422471}.Release|Any CPU.ActiveCfg = Release|Any CPU
		{2B4ACE72-DEF3-4D0E-9A9E-06DD07422471}.Release|Any CPU.Build.0 = Release|Any CPU
		{0D37BA55-7D7F-41B3-B012-360333B45621}.Debug|Any CPU.ActiveCfg = Debug|Any CPU
		{0D37BA55-7D7F-41B3-B012-360333B45621}.Debug|Any CPU.Build.0 = Debug|Any CPU
		{0D37BA55-7D7F-41B3-B012-360333B45621}.Release|Any CPU.ActiveCfg = Release|Any CPU
		{0D37BA55-7D7F-41B3-B012-360333B45621}.Release|Any CPU.Build.0 = Release|Any CPU
	EndGlobalSection
	GlobalSection(NestedProjects) = preSolution
		{E2A494FF-C7F1-4C86-9AB4-B74CBD0B47A0} = {3FEE3891-2E7B-4301-8BE1-1124A04B8B50}
		{0932BF34-E349-4E8E-9567-D01F985530AA} = {38235911-7A4F-4117-8A08-D3FC7F6CE03F}
		{4BB104C1-F452-4837-8E58-582011D665CC} = {38235911-7A4F-4117-8A08-D3FC7F6CE03F}
		{08CCB849-1A00-487A-8D30-6256045CD618} = {DDF484C0-662B-4892-9074-F888A698C55B}
		{8A1FAF38-C394-49B6-9736-319C7F757FEB} = {3C5494E5-2E22-4B51-80B9-6384FD5F90F2}
		{48EFE8C6-C93F-431D-8FB2-D91196EAA98C} = {3C5494E5-2E22-4B51-80B9-6384FD5F90F2}
		{47FF6D84-A177-476A-8D23-0A1C42255FB0} = {4C411EF5-3212-439C-A03F-E08DF1EA7DFA}
		{A9280000-6F7F-40B4-BE02-1D74A7B61FE0} = {4C411EF5-3212-439C-A03F-E08DF1EA7DFA}
		{E05E967C-B848-4DC9-B941-41C6DD23D742} = {3FEE3891-2E7B-4301-8BE1-1124A04B8B50}
		{2B4ACE72-DEF3-4D0E-9A9E-06DD07422471} = {3C5494E5-2E22-4B51-80B9-6384FD5F90F2}
		{0D37BA55-7D7F-41B3-B012-360333B45621} = {3C5494E5-2E22-4B51-80B9-6384FD5F90F2}
		{3FEE3891-2E7B-4301-8BE1-1124A04B8B50} = {0014D859-2EBA-42BA-8E80-9B891F4E0058}
		{DDF484C0-662B-4892-9074-F888A698C55B} = {0014D859-2EBA-42BA-8E80-9B891F4E0058}
		{38235911-7A4F-4117-8A08-D3FC7F6CE03F} = {0014D859-2EBA-42BA-8E80-9B891F4E0058}
		{3C5494E5-2E22-4B51-80B9-6384FD5F90F2} = {0014D859-2EBA-42BA-8E80-9B891F4E0058}
		{4C411EF5-3212-439C-A03F-E08DF1EA7DFA} = {0014D859-2EBA-42BA-8E80-9B891F4E0058}
	EndGlobalSection
EndGlobal
