
Microsoft Visual Studio Solution File, Format Version 12.00
Project("{2150E333-8FDC-42A3-9474-1A3956D46DE8}") = "_DOCS", "_DOCS", "{136AA2C5-B0B0-4CD0-A1F1-139ED5A55B83}"
	ProjectSection(SolutionItems) = preProject
		README.md = README.md
	EndProjectSection
EndProject
Project("{2150E333-8FDC-42A3-9474-1A3956D46DE8}") = "Apps", "Apps", "{3FEE3891-2E7B-4301-8BE1-1124A04B8B50}"
EndProject
Project("{2150E333-8FDC-42A3-9474-1A3956D46DE8}") = "Core", "Core", "{38235911-7A4F-4117-8A08-D3FC7F6CE03F}"
EndProject
Project("{2150E333-8FDC-42A3-9474-1A3956D46DE8}") = "Business", "Business", "{DDF484C0-662B-4892-9074-F888A698C55B}"
EndProject
Project("{2150E333-8FDC-42A3-9474-1A3956D46DE8}") = "Drivers", "Drivers", "{3C5494E5-2E22-4B51-80B9-6384FD5F90F2}"
EndProject
Project("{2150E333-8FDC-42A3-9474-1A3956D46DE8}") = "Tests", "Tests", "{4C411EF5-3212-439C-A03F-E08DF1EA7DFA}"
EndProject
Project("{2150E333-8FDC-42A3-9474-1A3956D46DE8}") = "_Deploy", "_Deploy", "{C35EB92E-151D-4800-A6DD-5A757096436E}"
EndProject
Project("{FAE04EC0-301F-11D3-BF4B-00C04F79EFBC}") = "Stock.RestAPI", "StockApi\Stock.RestAPI.csproj", "{EA8D060F-CA07-4B08-8FCE-43F51EC4B4F4}"
EndProject
Project("{FAE04EC0-301F-11D3-BF4B-00C04F79EFBC}") = "Stock.Business", "Stock.Business\Stock.Business.csproj", "{E6FB7119-5658-4F46-AF75-E1A61379653B}"
EndProject
Project("{FAE04EC0-301F-11D3-BF4B-00C04F79EFBC}") = "Stock.Domain", "Stock.Domain\Stock.Domain.csproj", "{99571A27-DC8D-4EB9-A6DC-1DC4B30BF705}"
EndProject
Project("{FAE04EC0-301F-11D3-BF4B-00C04F79EFBC}") = "Stock.Capabilities", "Stock.Capabilities\Stock.Capabilities.csproj", "{EFD6B735-3D22-4BBD-B9AC-F9552CB92DD8}"
EndProject
Project("{FAE04EC0-301F-11D3-BF4B-00C04F79EFBC}") = "Stock.Consumer.Querying", "Stock.Consumer.Querying\Stock.Consumer.Querying.csproj", "{D9E6AD12-B2BD-4F02-96A3-766826FA4A8D}"
EndProject
Project("{FAE04EC0-301F-11D3-BF4B-00C04F79EFBC}") = "Stock.Persistence.EFCore", "Stock.Persistence.EFCore\Stock.Persistence.EFCore.csproj", "{97562316-7DCF-4B30-92AC-66F5908D672B}"
EndProject
Project("{FAE04EC0-301F-11D3-BF4B-00C04F79EFBC}") = "Stock.Querying.EFCore", "Stock.Querying.EFCore\Stock.Querying.EFCore.csproj", "{5CBB05D0-5A6D-455A-A3D5-4A7C8A92A609}"
EndProject
Project("{FAE04EC0-301F-11D3-BF4B-00C04F79EFBC}") = "Stock.Messaging.Kafka", "Stock.Messaging.Kafka\Stock.Messaging.Kafka.csproj", "{4EE04150-D388-4467-BC44-B0D088EC92E2}"
EndProject
Project("{FAE04EC0-301F-11D3-BF4B-00C04F79EFBC}") = "Stock.Supporting", "Stock.Supporting\Stock.Supporting.csproj", "{1665FF65-D804-4EE7-B342-ADB5E375EABA}"
EndProject
Project("{FAE04EC0-301F-11D3-BF4B-00C04F79EFBC}") = "Stock.Tests", "Stock.Tests\Stock.Tests.csproj", "{FB540ED4-611B-4A33-91F8-491F83BBD007}"
EndProject
Project("{FAE04EC0-301F-11D3-BF4B-00C04F79EFBC}") = "Stock.Tests.Integration", "Stock.Tests.Integration\Stock.Tests.Integration.csproj", "{AD31A0CD-BAFE-4699-BA2A-0138CFF55565}"
EndProject
Project("{2150E333-8FDC-42A3-9474-1A3956D46DE8}") = "Infra", "Infra", "{132987E8-F242-4A96-BB3A-984A35C62F1F}"
	ProjectSection(SolutionItems) = preProject
		..\deploy\docker-compose.kafka-kraft.yml = ..\deploy\docker-compose.kafka-kraft.yml
		..\deploy\docker-compose.postgres.yml = ..\deploy\docker-compose.postgres.yml
		..\deploy\postgres_stock.sql = ..\deploy\postgres_stock.sql
		..\deploy\postgres_stock_outbox.sql = ..\deploy\postgres_stock_outbox.sql
		..\deploy\servers.json = ..\deploy\servers.json
	EndProjectSection
EndProject
Project("{2150E333-8FDC-42A3-9474-1A3956D46DE8}") = "Containers", "Containers", "{84D626F6-129B-4D4E-BB57-CD7745D42D78}"
	ProjectSection(SolutionItems) = preProject
		Dockerfile.Stockapi = Dockerfile.Stockapi
	EndProjectSection
EndProject
Global
	GlobalSection(SolutionConfigurationPlatforms) = preSolution
		Debug|Any CPU = Debug|Any CPU
		Release|Any CPU = Release|Any CPU
	EndGlobalSection
	GlobalSection(ProjectConfigurationPlatforms) = postSolution
		{EA8D060F-CA07-4B08-8FCE-43F51EC4B4F4}.Debug|Any CPU.ActiveCfg = Debug|Any CPU
		{EA8D060F-CA07-4B08-8FCE-43F51EC4B4F4}.Debug|Any CPU.Build.0 = Debug|Any CPU
		{EA8D060F-CA07-4B08-8FCE-43F51EC4B4F4}.Release|Any CPU.ActiveCfg = Release|Any CPU
		{EA8D060F-CA07-4B08-8FCE-43F51EC4B4F4}.Release|Any CPU.Build.0 = Release|Any CPU
		{E6FB7119-5658-4F46-AF75-E1A61379653B}.Debug|Any CPU.ActiveCfg = Debug|Any CPU
		{E6FB7119-5658-4F46-AF75-E1A61379653B}.Debug|Any CPU.Build.0 = Debug|Any CPU
		{E6FB7119-5658-4F46-AF75-E1A61379653B}.Release|Any CPU.ActiveCfg = Release|Any CPU
		{E6FB7119-5658-4F46-AF75-E1A61379653B}.Release|Any CPU.Build.0 = Release|Any CPU
		{99571A27-DC8D-4EB9-A6DC-1DC4B30BF705}.Debug|Any CPU.ActiveCfg = Debug|Any CPU
		{99571A27-DC8D-4EB9-A6DC-1DC4B30BF705}.Debug|Any CPU.Build.0 = Debug|Any CPU
		{99571A27-DC8D-4EB9-A6DC-1DC4B30BF705}.Release|Any CPU.ActiveCfg = Release|Any CPU
		{99571A27-DC8D-4EB9-A6DC-1DC4B30BF705}.Release|Any CPU.Build.0 = Release|Any CPU
		{EFD6B735-3D22-4BBD-B9AC-F9552CB92DD8}.Debug|Any CPU.ActiveCfg = Debug|Any CPU
		{EFD6B735-3D22-4BBD-B9AC-F9552CB92DD8}.Debug|Any CPU.Build.0 = Debug|Any CPU
		{EFD6B735-3D22-4BBD-B9AC-F9552CB92DD8}.Release|Any CPU.ActiveCfg = Release|Any CPU
		{EFD6B735-3D22-4BBD-B9AC-F9552CB92DD8}.Release|Any CPU.Build.0 = Release|Any CPU
		{D9E6AD12-B2BD-4F02-96A3-766826FA4A8D}.Debug|Any CPU.ActiveCfg = Debug|Any CPU
		{D9E6AD12-B2BD-4F02-96A3-766826FA4A8D}.Debug|Any CPU.Build.0 = Debug|Any CPU
		{D9E6AD12-B2BD-4F02-96A3-766826FA4A8D}.Release|Any CPU.ActiveCfg = Release|Any CPU
		{D9E6AD12-B2BD-4F02-96A3-766826FA4A8D}.Release|Any CPU.Build.0 = Release|Any CPU
		{97562316-7DCF-4B30-92AC-66F5908D672B}.Debug|Any CPU.ActiveCfg = Debug|Any CPU
		{97562316-7DCF-4B30-92AC-66F5908D672B}.Debug|Any CPU.Build.0 = Debug|Any CPU
		{97562316-7DCF-4B30-92AC-66F5908D672B}.Release|Any CPU.ActiveCfg = Release|Any CPU
		{97562316-7DCF-4B30-92AC-66F5908D672B}.Release|Any CPU.Build.0 = Release|Any CPU
		{5CBB05D0-5A6D-455A-A3D5-4A7C8A92A609}.Debug|Any CPU.ActiveCfg = Debug|Any CPU
		{5CBB05D0-5A6D-455A-A3D5-4A7C8A92A609}.Debug|Any CPU.Build.0 = Debug|Any CPU
		{5CBB05D0-5A6D-455A-A3D5-4A7C8A92A609}.Release|Any CPU.ActiveCfg = Release|Any CPU
		{5CBB05D0-5A6D-455A-A3D5-4A7C8A92A609}.Release|Any CPU.Build.0 = Release|Any CPU
		{4EE04150-D388-4467-BC44-B0D088EC92E2}.Debug|Any CPU.ActiveCfg = Debug|Any CPU
		{4EE04150-D388-4467-BC44-B0D088EC92E2}.Debug|Any CPU.Build.0 = Debug|Any CPU
		{4EE04150-D388-4467-BC44-B0D088EC92E2}.Release|Any CPU.ActiveCfg = Release|Any CPU
		{4EE04150-D388-4467-BC44-B0D088EC92E2}.Release|Any CPU.Build.0 = Release|Any CPU
		{1665FF65-D804-4EE7-B342-ADB5E375EABA}.Debug|Any CPU.ActiveCfg = Debug|Any CPU
		{1665FF65-D804-4EE7-B342-ADB5E375EABA}.Debug|Any CPU.Build.0 = Debug|Any CPU
		{1665FF65-D804-4EE7-B342-ADB5E375EABA}.Release|Any CPU.ActiveCfg = Release|Any CPU
		{1665FF65-D804-4EE7-B342-ADB5E375EABA}.Release|Any CPU.Build.0 = Release|Any CPU
		{FB540ED4-611B-4A33-91F8-491F83BBD007}.Debug|Any CPU.ActiveCfg = Debug|Any CPU
		{FB540ED4-611B-4A33-91F8-491F83BBD007}.Debug|Any CPU.Build.0 = Debug|Any CPU
		{FB540ED4-611B-4A33-91F8-491F83BBD007}.Release|Any CPU.ActiveCfg = Release|Any CPU
		{FB540ED4-611B-4A33-91F8-491F83BBD007}.Release|Any CPU.Build.0 = Release|Any CPU
		{AD31A0CD-BAFE-4699-BA2A-0138CFF55565}.Debug|Any CPU.ActiveCfg = Debug|Any CPU
		{AD31A0CD-BAFE-4699-BA2A-0138CFF55565}.Debug|Any CPU.Build.0 = Debug|Any CPU
		{AD31A0CD-BAFE-4699-BA2A-0138CFF55565}.Release|Any CPU.ActiveCfg = Release|Any CPU
		{AD31A0CD-BAFE-4699-BA2A-0138CFF55565}.Release|Any CPU.Build.0 = Release|Any CPU
	EndGlobalSection
	GlobalSection(NestedProjects) = preSolution
		{EA8D060F-CA07-4B08-8FCE-43F51EC4B4F4} = {3FEE3891-2E7B-4301-8BE1-1124A04B8B50}
		{E6FB7119-5658-4F46-AF75-E1A61379653B} = {DDF484C0-662B-4892-9074-F888A698C55B}
		{99571A27-DC8D-4EB9-A6DC-1DC4B30BF705} = {38235911-7A4F-4117-8A08-D3FC7F6CE03F}
		{EFD6B735-3D22-4BBD-B9AC-F9552CB92DD8} = {38235911-7A4F-4117-8A08-D3FC7F6CE03F}
		{97562316-7DCF-4B30-92AC-66F5908D672B} = {3C5494E5-2E22-4B51-80B9-6384FD5F90F2}
		{5CBB05D0-5A6D-455A-A3D5-4A7C8A92A609} = {3C5494E5-2E22-4B51-80B9-6384FD5F90F2}
		{4EE04150-D388-4467-BC44-B0D088EC92E2} = {3C5494E5-2E22-4B51-80B9-6384FD5F90F2}
		{D9E6AD12-B2BD-4F02-96A3-766826FA4A8D} = {3FEE3891-2E7B-4301-8BE1-1124A04B8B50}
		{1665FF65-D804-4EE7-B342-ADB5E375EABA} = {3C5494E5-2E22-4B51-80B9-6384FD5F90F2}
		{FB540ED4-611B-4A33-91F8-491F83BBD007} = {4C411EF5-3212-439C-A03F-E08DF1EA7DFA}
		{AD31A0CD-BAFE-4699-BA2A-0138CFF55565} = {4C411EF5-3212-439C-A03F-E08DF1EA7DFA}
		{132987E8-F242-4A96-BB3A-984A35C62F1F} = {C35EB92E-151D-4800-A6DD-5A757096436E}
		{84D626F6-129B-4D4E-BB57-CD7745D42D78} = {C35EB92E-151D-4800-A6DD-5A757096436E}
	EndGlobalSection
EndGlobal
